
Microsoft Visual Studio Solution File, Format Version 12.00
# Visual Studio 15
VisualStudioVersion = 15.0.27130.2010
MinimumVisualStudioVersion = 10.0.40219.1
Project("{6EC3EE1D-3C4E-46DD-8F32-0CC8E7565705}") = "Day01", "Day01\Day01.fsproj", "{E47D3DCC-27D8-4189-922A-F0C192502BF9}"
EndProject
Project("{6EC3EE1D-3C4E-46DD-8F32-0CC8E7565705}") = "Day02", "Day02\Day02.fsproj", "{C8DDDE56-173C-4877-A6D0-52C7B3C4D3C4}"
EndProject
Project("{6EC3EE1D-3C4E-46DD-8F32-0CC8E7565705}") = "Day03", "Day03\Day03.fsproj", "{FE37A637-7ADB-4885-873E-9B15F897E73B}"
EndProject
Project("{6EC3EE1D-3C4E-46DD-8F32-0CC8E7565705}") = "Day04", "Day04\Day04.fsproj", "{A6E9C270-4D66-47B7-A277-351FE64E893D}"
EndProject
Project("{6EC3EE1D-3C4E-46DD-8F32-0CC8E7565705}") = "Day05", "Day05\Day05.fsproj", "{3E92B52B-CA0B-42F9-A0F3-9773F5AF5E4E}"
EndProject
Project("{6EC3EE1D-3C4E-46DD-8F32-0CC8E7565705}") = "Day06", "Day06\Day06.fsproj", "{0DBDCE04-9915-4DE6-A2EE-DC964B8B4BDE}"
EndProject
Project("{6EC3EE1D-3C4E-46DD-8F32-0CC8E7565705}") = "Day07", "Day07\Day07.fsproj", "{2FD971CE-F840-4002-A6F3-ECF0CBD1A1BF}"
EndProject
Project("{6EC3EE1D-3C4E-46DD-8F32-0CC8E7565705}") = "Common", "Common\Common.fsproj", "{D18E177B-AF5C-45C0-8C60-125DCB90EC65}"
EndProject
Project("{6EC3EE1D-3C4E-46DD-8F32-0CC8E7565705}") = "Day08", "Day08\Day08.fsproj", "{2DD2F808-63C1-4326-B247-6EB9612474D2}"
EndProject
Project("{6EC3EE1D-3C4E-46DD-8F32-0CC8E7565705}") = "Day09", "Day09\Day09.fsproj", "{12A33D95-94A6-43B1-AEE6-52AB43F8A44B}"
EndProject
Project("{6EC3EE1D-3C4E-46DD-8F32-0CC8E7565705}") = "Day10", "Day10\Day10.fsproj", "{AC570E4E-DD39-43B0-B63C-4188555DD93A}"
EndProject
Project("{6EC3EE1D-3C4E-46DD-8F32-0CC8E7565705}") = "Day11", "Day11\Day11.fsproj", "{187859CA-F690-4257-A9F7-DA63A2CD55B9}"
EndProject
Project("{6EC3EE1D-3C4E-46DD-8F32-0CC8E7565705}") = "Day12", "Day12\Day12.fsproj", "{15F76135-EE21-4CD4-AAC5-6BA794FEF5A6}"
EndProject
Project("{6EC3EE1D-3C4E-46DD-8F32-0CC8E7565705}") = "Day13", "Day13\Day13.fsproj", "{AB957D86-CE09-4362-ACC3-741D1304F239}"
EndProject
Project("{6EC3EE1D-3C4E-46DD-8F32-0CC8E7565705}") = "Day14", "Day14\Day14.fsproj", "{6118CAE0-6745-4BB0-8F16-EFC6802EDA10}"
EndProject
Project("{6EC3EE1D-3C4E-46DD-8F32-0CC8E7565705}") = "Day15", "Day15\Day15.fsproj", "{4B10EF8E-71B5-4FF6-8403-63C9DDE323F7}"
EndProject
Project("{F2A71F9B-5D33-465A-A702-920D77279786}") = "Day16", "Day16\Day16.fsproj", "{F04D9105-D552-4CE2-A79E-A85D12AE1912}"
EndProject
Global
	GlobalSection(SolutionConfigurationPlatforms) = preSolution
		Debug|Any CPU = Debug|Any CPU
		Release|Any CPU = Release|Any CPU
	EndGlobalSection
	GlobalSection(ProjectConfigurationPlatforms) = postSolution
		{E47D3DCC-27D8-4189-922A-F0C192502BF9}.Debug|Any CPU.ActiveCfg = Debug|Any CPU
		{E47D3DCC-27D8-4189-922A-F0C192502BF9}.Debug|Any CPU.Build.0 = Debug|Any CPU
		{E47D3DCC-27D8-4189-922A-F0C192502BF9}.Release|Any CPU.ActiveCfg = Release|Any CPU
		{E47D3DCC-27D8-4189-922A-F0C192502BF9}.Release|Any CPU.Build.0 = Release|Any CPU
		{C8DDDE56-173C-4877-A6D0-52C7B3C4D3C4}.Debug|Any CPU.ActiveCfg = Debug|Any CPU
		{C8DDDE56-173C-4877-A6D0-52C7B3C4D3C4}.Debug|Any CPU.Build.0 = Debug|Any CPU
		{C8DDDE56-173C-4877-A6D0-52C7B3C4D3C4}.Release|Any CPU.ActiveCfg = Release|Any CPU
		{C8DDDE56-173C-4877-A6D0-52C7B3C4D3C4}.Release|Any CPU.Build.0 = Release|Any CPU
		{FE37A637-7ADB-4885-873E-9B15F897E73B}.Debug|Any CPU.ActiveCfg = Debug|Any CPU
		{FE37A637-7ADB-4885-873E-9B15F897E73B}.Debug|Any CPU.Build.0 = Debug|Any CPU
		{FE37A637-7ADB-4885-873E-9B15F897E73B}.Release|Any CPU.ActiveCfg = Release|Any CPU
		{FE37A637-7ADB-4885-873E-9B15F897E73B}.Release|Any CPU.Build.0 = Release|Any CPU
		{A6E9C270-4D66-47B7-A277-351FE64E893D}.Debug|Any CPU.ActiveCfg = Debug|Any CPU
		{A6E9C270-4D66-47B7-A277-351FE64E893D}.Debug|Any CPU.Build.0 = Debug|Any CPU
		{A6E9C270-4D66-47B7-A277-351FE64E893D}.Release|Any CPU.ActiveCfg = Release|Any CPU
		{A6E9C270-4D66-47B7-A277-351FE64E893D}.Release|Any CPU.Build.0 = Release|Any CPU
		{3E92B52B-CA0B-42F9-A0F3-9773F5AF5E4E}.Debug|Any CPU.ActiveCfg = Debug|Any CPU
		{3E92B52B-CA0B-42F9-A0F3-9773F5AF5E4E}.Debug|Any CPU.Build.0 = Debug|Any CPU
		{3E92B52B-CA0B-42F9-A0F3-9773F5AF5E4E}.Release|Any CPU.ActiveCfg = Release|Any CPU
		{3E92B52B-CA0B-42F9-A0F3-9773F5AF5E4E}.Release|Any CPU.Build.0 = Release|Any CPU
		{0DBDCE04-9915-4DE6-A2EE-DC964B8B4BDE}.Debug|Any CPU.ActiveCfg = Debug|Any CPU
		{0DBDCE04-9915-4DE6-A2EE-DC964B8B4BDE}.Debug|Any CPU.Build.0 = Debug|Any CPU
		{0DBDCE04-9915-4DE6-A2EE-DC964B8B4BDE}.Release|Any CPU.ActiveCfg = Release|Any CPU
		{0DBDCE04-9915-4DE6-A2EE-DC964B8B4BDE}.Release|Any CPU.Build.0 = Release|Any CPU
		{2FD971CE-F840-4002-A6F3-ECF0CBD1A1BF}.Debug|Any CPU.ActiveCfg = Debug|Any CPU
		{2FD971CE-F840-4002-A6F3-ECF0CBD1A1BF}.Debug|Any CPU.Build.0 = Debug|Any CPU
		{2FD971CE-F840-4002-A6F3-ECF0CBD1A1BF}.Release|Any CPU.ActiveCfg = Release|Any CPU
		{2FD971CE-F840-4002-A6F3-ECF0CBD1A1BF}.Release|Any CPU.Build.0 = Release|Any CPU
		{D18E177B-AF5C-45C0-8C60-125DCB90EC65}.Debug|Any CPU.ActiveCfg = Debug|Any CPU
		{D18E177B-AF5C-45C0-8C60-125DCB90EC65}.Debug|Any CPU.Build.0 = Debug|Any CPU
		{D18E177B-AF5C-45C0-8C60-125DCB90EC65}.Release|Any CPU.ActiveCfg = Release|Any CPU
		{D18E177B-AF5C-45C0-8C60-125DCB90EC65}.Release|Any CPU.Build.0 = Release|Any CPU
		{2DD2F808-63C1-4326-B247-6EB9612474D2}.Debug|Any CPU.ActiveCfg = Debug|Any CPU
		{2DD2F808-63C1-4326-B247-6EB9612474D2}.Debug|Any CPU.Build.0 = Debug|Any CPU
		{2DD2F808-63C1-4326-B247-6EB9612474D2}.Release|Any CPU.ActiveCfg = Release|Any CPU
		{2DD2F808-63C1-4326-B247-6EB9612474D2}.Release|Any CPU.Build.0 = Release|Any CPU
		{12A33D95-94A6-43B1-AEE6-52AB43F8A44B}.Debug|Any CPU.ActiveCfg = Debug|Any CPU
		{12A33D95-94A6-43B1-AEE6-52AB43F8A44B}.Debug|Any CPU.Build.0 = Debug|Any CPU
		{12A33D95-94A6-43B1-AEE6-52AB43F8A44B}.Release|Any CPU.ActiveCfg = Release|Any CPU
		{12A33D95-94A6-43B1-AEE6-52AB43F8A44B}.Release|Any CPU.Build.0 = Release|Any CPU
		{AC570E4E-DD39-43B0-B63C-4188555DD93A}.Debug|Any CPU.ActiveCfg = Debug|Any CPU
		{AC570E4E-DD39-43B0-B63C-4188555DD93A}.Debug|Any CPU.Build.0 = Debug|Any CPU
		{AC570E4E-DD39-43B0-B63C-4188555DD93A}.Release|Any CPU.ActiveCfg = Release|Any CPU
		{AC570E4E-DD39-43B0-B63C-4188555DD93A}.Release|Any CPU.Build.0 = Release|Any CPU
		{187859CA-F690-4257-A9F7-DA63A2CD55B9}.Debug|Any CPU.ActiveCfg = Debug|Any CPU
		{187859CA-F690-4257-A9F7-DA63A2CD55B9}.Debug|Any CPU.Build.0 = Debug|Any CPU
		{187859CA-F690-4257-A9F7-DA63A2CD55B9}.Release|Any CPU.ActiveCfg = Release|Any CPU
		{187859CA-F690-4257-A9F7-DA63A2CD55B9}.Release|Any CPU.Build.0 = Release|Any CPU
		{15F76135-EE21-4CD4-AAC5-6BA794FEF5A6}.Debug|Any CPU.ActiveCfg = Debug|Any CPU
		{15F76135-EE21-4CD4-AAC5-6BA794FEF5A6}.Debug|Any CPU.Build.0 = Debug|Any CPU
		{15F76135-EE21-4CD4-AAC5-6BA794FEF5A6}.Release|Any CPU.ActiveCfg = Release|Any CPU
		{15F76135-EE21-4CD4-AAC5-6BA794FEF5A6}.Release|Any CPU.Build.0 = Release|Any CPU
		{AB957D86-CE09-4362-ACC3-741D1304F239}.Debug|Any CPU.ActiveCfg = Debug|Any CPU
		{AB957D86-CE09-4362-ACC3-741D1304F239}.Debug|Any CPU.Build.0 = Debug|Any CPU
		{AB957D86-CE09-4362-ACC3-741D1304F239}.Release|Any CPU.ActiveCfg = Release|Any CPU
		{AB957D86-CE09-4362-ACC3-741D1304F239}.Release|Any CPU.Build.0 = Release|Any CPU
		{6118CAE0-6745-4BB0-8F16-EFC6802EDA10}.Debug|Any CPU.ActiveCfg = Debug|Any CPU
		{6118CAE0-6745-4BB0-8F16-EFC6802EDA10}.Debug|Any CPU.Build.0 = Debug|Any CPU
		{6118CAE0-6745-4BB0-8F16-EFC6802EDA10}.Release|Any CPU.ActiveCfg = Release|Any CPU
		{6118CAE0-6745-4BB0-8F16-EFC6802EDA10}.Release|Any CPU.Build.0 = Release|Any CPU
		{4B10EF8E-71B5-4FF6-8403-63C9DDE323F7}.Debug|Any CPU.ActiveCfg = Debug|Any CPU
		{4B10EF8E-71B5-4FF6-8403-63C9DDE323F7}.Debug|Any CPU.Build.0 = Debug|Any CPU
		{4B10EF8E-71B5-4FF6-8403-63C9DDE323F7}.Release|Any CPU.ActiveCfg = Release|Any CPU
		{4B10EF8E-71B5-4FF6-8403-63C9DDE323F7}.Release|Any CPU.Build.0 = Release|Any CPU
		{F04D9105-D552-4CE2-A79E-A85D12AE1912}.Debug|Any CPU.ActiveCfg = Debug|Any CPU
		{F04D9105-D552-4CE2-A79E-A85D12AE1912}.Debug|Any CPU.Build.0 = Debug|Any CPU
		{F04D9105-D552-4CE2-A79E-A85D12AE1912}.Release|Any CPU.ActiveCfg = Release|Any CPU
		{F04D9105-D552-4CE2-A79E-A85D12AE1912}.Release|Any CPU.Build.0 = Release|Any CPU
	EndGlobalSection
	GlobalSection(SolutionProperties) = preSolution
		HideSolutionNode = FALSE
	EndGlobalSection
	GlobalSection(ExtensibilityGlobals) = postSolution
		SolutionGuid = {F165A2E9-ED4A-4E6D-8C17-F8E62CF17495}
	EndGlobalSection
EndGlobal
